
Microsoft Visual Studio Solution File, Format Version 11.00
# Visual Studio 2010
Project("{FAE04EC0-301F-11D3-BF4B-00C04F79EFBC}") = "ACEditor", "ACEditor\ACEditor.csproj", "{293A8B58-D247-4604-96BE-4BB0CD91F615}"
EndProject
Project("{FAE04EC0-301F-11D3-BF4B-00C04F79EFBC}") = "ACFramework", "ACFramework\ACFramework.csproj", "{232DFBE1-C605-4E63-A65A-6D7B0C38F391}"
EndProject
Global
	GlobalSection(SolutionConfigurationPlatforms) = preSolution
		Debug|Any CPU = Debug|Any CPU
		Debug|Mixed Platforms = Debug|Mixed Platforms
		Debug|x86 = Debug|x86
		Release|Any CPU = Release|Any CPU
		Release|Mixed Platforms = Release|Mixed Platforms
		Release|x86 = Release|x86
	EndGlobalSection
	GlobalSection(ProjectConfigurationPlatforms) = postSolution
		{293A8B58-D247-4604-96BE-4BB0CD91F615}.Debug|Any CPU.ActiveCfg = Debug|x86
		{293A8B58-D247-4604-96BE-4BB0CD91F615}.Debug|Mixed Platforms.ActiveCfg = Debug|x86
		{293A8B58-D247-4604-96BE-4BB0CD91F615}.Debug|Mixed Platforms.Build.0 = Debug|x86
		{293A8B58-D247-4604-96BE-4BB0CD91F615}.Debug|x86.ActiveCfg = Debug|x86
		{293A8B58-D247-4604-96BE-4BB0CD91F615}.Debug|x86.Build.0 = Debug|x86
		{293A8B58-D247-4604-96BE-4BB0CD91F615}.Release|Any CPU.ActiveCfg = Release|x86
		{293A8B58-D247-4604-96BE-4BB0CD91F615}.Release|Mixed Platforms.ActiveCfg = Release|x86
		{293A8B58-D247-4604-96BE-4BB0CD91F615}.Release|Mixed Platforms.Build.0 = Release|x86
		{293A8B58-D247-4604-96BE-4BB0CD91F615}.Release|x86.ActiveCfg = Release|x86
		{293A8B58-D247-4604-96BE-4BB0CD91F615}.Release|x86.Build.0 = Release|x86
		{232DFBE1-C605-4E63-A65A-6D7B0C38F391}.Debug|Any CPU.ActiveCfg = Debug|Any CPU
		{232DFBE1-C605-4E63-A65A-6D7B0C38F391}.Debug|Any CPU.Build.0 = Debug|Any CPU
		{232DFBE1-C605-4E63-A65A-6D7B0C38F391}.Debug|Mixed Platforms.ActiveCfg = Debug|Any CPU
		{232DFBE1-C605-4E63-A65A-6D7B0C38F391}.Debug|Mixed Platforms.Build.0 = Debug|Any CPU
		{232DFBE1-C605-4E63-A65A-6D7B0C38F391}.Debug|x86.ActiveCfg = Debug|Any CPU
		{232DFBE1-C605-4E63-A65A-6D7B0C38F391}.Release|Any CPU.ActiveCfg = Release|Any CPU
		{232DFBE1-C605-4E63-A65A-6D7B0C38F391}.Release|Any CPU.Build.0 = Release|Any CPU
		{232DFBE1-C605-4E63-A65A-6D7B0C38F391}.Release|Mixed Platforms.ActiveCfg = Release|Any CPU
		{232DFBE1-C605-4E63-A65A-6D7B0C38F391}.Release|Mixed Platforms.Build.0 = Release|Any CPU
		{232DFBE1-C605-4E63-A65A-6D7B0C38F391}.Release|x86.ActiveCfg = Release|Any CPU
	EndGlobalSection
	GlobalSection(SolutionProperties) = preSolution
		HideSolutionNode = FALSE
	EndGlobalSection
EndGlobal
