<?xml version="1.0" encoding="utf-8"?>
<Project ToolsVersion="4.0" xmlns="http://schemas.microsoft.com/developer/msbuild/2003">
  <ItemGroup>
    <Filter Include="Source Files">
      <UniqueIdentifier>{4FC737F1-C7A5-4376-A066-2A32D752A2FF}</UniqueIdentifier>
      <Extensions>cpp;c;cc;cxx;def;odl;idl;hpj;bat;asm;asmx</Extensions>
    </Filter>
    <Filter Include="Header Files">
      <UniqueIdentifier>{93995380-89BD-4b04-88EB-625FBE52EBFB}</UniqueIdentifier>
      <Extensions>h;hpp;hxx;hm;inl;inc;xsd</Extensions>
    </Filter>
    <Filter Include="Resource Files">
      <UniqueIdentifier>{67DA6AB6-F800-4c08-8B7A-83BB121AAD01}</UniqueIdentifier>
      <Extensions>rc;ico;cur;bmp;dlg;rc2;rct;bin;rgs;gif;jpg;jpeg;jpe;resx;tiff;tif;png;wav;mfcribbon-ms</Extensions>
    </Filter>
    <Filter Include="Header Files\Engine">
      <UniqueIdentifier>{51c41f4b-df73-41d7-b83d-67e70b6bf420}</UniqueIdentifier>
    </Filter>
    <Filter Include="Header Files\Engine\RenderEngine">
      <UniqueIdentifier>{d13ab50f-d989-4f3d-afb8-c45d3caf5638}</UniqueIdentifier>
    </Filter>
    <Filter Include="Source Files\Engine">
      <UniqueIdentifier>{7607616a-ad0a-45f5-9022-37bbaa5daa14}</UniqueIdentifier>
    </Filter>
    <Filter Include="Source Files\Engine\RenderEngine">
      <UniqueIdentifier>{83bf204b-8b7d-41a9-88e7-354815a52cee}</UniqueIdentifier>
    </Filter>
    <Filter Include="Header Files\Engine\InputEngine">
      <UniqueIdentifier>{43f242dc-a2d4-42e7-b113-86ec1ca518d5}</UniqueIdentifier>
    </Filter>
    <Filter Include="Source Files\Engine\InputEngine">
      <UniqueIdentifier>{054d29db-70fe-4719-a32d-b9203cdaa9b3}</UniqueIdentifier>
    </Filter>
    <Filter Include="Header Files\Engine\NetworkEngine">
      <UniqueIdentifier>{5d6ab766-1478-42e9-8e49-b603c33d842a}</UniqueIdentifier>
    </Filter>
    <Filter Include="Source Files\Engine\NetworkEngine">
      <UniqueIdentifier>{8ce866ca-7a95-45a0-839f-5263cc6185dd}</UniqueIdentifier>
    </Filter>
    <Filter Include="Header Files\Engine\AudioEngine">
      <UniqueIdentifier>{a394a9e0-3ea0-48b4-973f-818d78851189}</UniqueIdentifier>
    </Filter>
    <Filter Include="Source Files\Engine\AudioEngine">
      <UniqueIdentifier>{dcb73317-8422-4071-9022-ccff75ae64b5}</UniqueIdentifier>
    </Filter>
    <Filter Include="Header Files\ContentManager">
      <UniqueIdentifier>{c2bb3f3b-8eb1-4b20-8cf7-b313dc0cabe7}</UniqueIdentifier>
    </Filter>
    <Filter Include="Source Files\ContentManager">
      <UniqueIdentifier>{e0768ba8-b336-4ce5-8f4a-90da4aa3f574}</UniqueIdentifier>
    </Filter>
    <Filter Include="Header Files\Entities">
      <UniqueIdentifier>{7e1a5f32-7bf3-4db0-aa0b-53db937415c7}</UniqueIdentifier>
    </Filter>
    <Filter Include="Source Files\Entities">
      <UniqueIdentifier>{c098a3b2-a830-4e23-9846-9479ec5b6052}</UniqueIdentifier>
    </Filter>
    <Filter Include="Header Files\ContentManager\ACSkin">
      <UniqueIdentifier>{67c4ce48-6a3b-43a6-b57d-e9cf97445b07}</UniqueIdentifier>
    </Filter>
    <Filter Include="Source Files\ContentManager\ACSkin">
      <UniqueIdentifier>{05e8ca5e-5c69-431b-8f33-98e973236508}</UniqueIdentifier>
    </Filter>
  </ItemGroup>
  <ItemGroup>
    <ClInclude Include="Stdafx.h">
      <Filter>Header Files</Filter>
    </ClInclude>
    <ClInclude Include="resource.h">
      <Filter>Header Files</Filter>
    </ClInclude>
    <ClInclude Include="ACRenderDeviceW.h">
      <Filter>Header Files\Engine\RenderEngine</Filter>
    </ClInclude>
    <ClInclude Include="ACRendererW.h">
      <Filter>Header Files\Engine\RenderEngine</Filter>
    </ClInclude>
    <ClInclude Include="ACConfigurationsW.h">
      <Filter>Header Files</Filter>
    </ClInclude>
    <ClInclude Include="ACInputW.h">
      <Filter>Header Files\Engine\InputEngine</Filter>
    </ClInclude>
    <ClInclude Include="ACInputDeviceW.h">
      <Filter>Header Files\Engine\InputEngine</Filter>
    </ClInclude>
    <ClInclude Include="ACMouseW.h">
      <Filter>Header Files\Engine\InputEngine</Filter>
    </ClInclude>
    <ClInclude Include="ACKeyboardW.h">
      <Filter>Header Files\Engine\InputEngine</Filter>
    </ClInclude>
    <ClInclude Include="ACNetworkW.h">
      <Filter>Header Files\Engine\NetworkEngine</Filter>
    </ClInclude>
    <ClInclude Include="ACNetworkDeviceW.h">
      <Filter>Header Files\Engine\NetworkEngine</Filter>
    </ClInclude>
    <ClInclude Include="ACAudioW.h">
      <Filter>Header Files\Engine\AudioEngine</Filter>
    </ClInclude>
    <ClInclude Include="ACAudioDeviceW.h">
      <Filter>Header Files\Engine\AudioEngine</Filter>
    </ClInclude>
    <ClInclude Include="ACContentManagerW.h">
      <Filter>Header Files\ContentManager</Filter>
    </ClInclude>
    <ClInclude Include="MathConverter.h">
      <Filter>Header Files</Filter>
    </ClInclude>
    <ClInclude Include="ACRenderDeviceEnumsW.h">
      <Filter>Header Files\Engine\RenderEngine</Filter>
    </ClInclude>
    <ClInclude Include="ACModelW.h">
      <Filter>Header Files\Entities</Filter>
    </ClInclude>
    <ClInclude Include="ACCameraW.h">
      <Filter>Header Files\Entities</Filter>
    </ClInclude>
    <ClInclude Include="ACSkinW.h">
      <Filter>Header Files\ContentManager\ACSkin</Filter>
    </ClInclude>
  </ItemGroup>
  <ItemGroup>
    <ClCompile Include="AssemblyInfo.cpp">
      <Filter>Source Files</Filter>
    </ClCompile>
    <ClCompile Include="Stdafx.cpp">
      <Filter>Source Files</Filter>
    </ClCompile>
    <ClCompile Include="ACRenderDeviceW.cpp">
      <Filter>Source Files\Engine\RenderEngine</Filter>
    </ClCompile>
    <ClCompile Include="ACRendererW.cpp">
      <Filter>Source Files\Engine\RenderEngine</Filter>
    </ClCompile>
    <ClCompile Include="ACConfigurationsW.cpp">
      <Filter>Source Files</Filter>
    </ClCompile>
    <ClCompile Include="ACInputW.cpp">
      <Filter>Source Files\Engine\InputEngine</Filter>
    </ClCompile>
    <ClCompile Include="ACInputDeviceW.cpp">
      <Filter>Source Files\Engine\InputEngine</Filter>
    </ClCompile>
    <ClCompile Include="ACMouseW.cpp">
      <Filter>Source Files\Engine\InputEngine</Filter>
    </ClCompile>
    <ClCompile Include="ACKeyboardW.cpp">
      <Filter>Source Files\Engine\InputEngine</Filter>
    </ClCompile>
    <ClCompile Include="ACNetworkW.cpp">
      <Filter>Source Files\Engine\NetworkEngine</Filter>
    </ClCompile>
    <ClCompile Include="ACNetworkDeviceW.cpp">
      <Filter>Source Files\Engine\NetworkEngine</Filter>
    </ClCompile>
    <ClCompile Include="ACAudioW.cpp">
      <Filter>Source Files\Engine\AudioEngine</Filter>
    </ClCompile>
    <ClCompile Include="ACAudioDeviceW.cpp">
      <Filter>Source Files\Engine\AudioEngine</Filter>
    </ClCompile>
    <ClCompile Include="ACContentManagerW.cpp">
      <Filter>Source Files\ContentManager</Filter>
    </ClCompile>
    <ClCompile Include="MathConverter.cpp">
      <Filter>Source Files</Filter>
    </ClCompile>
    <ClCompile Include="ACCameraW.cpp">
      <Filter>Source Files\Entities</Filter>
    </ClCompile>
    <ClCompile Include="ACSkinW.cpp">
      <Filter>Source Files\ContentManager\ACSkin</Filter>
    </ClCompile>
  </ItemGroup>
  <ItemGroup>
    <None Include="ReadMe.txt" />
    <None Include="app.ico">
      <Filter>Resource Files</Filter>
    </None>
  </ItemGroup>
  <ItemGroup>
    <ResourceCompile Include="app.rc">
      <Filter>Resource Files</Filter>
    </ResourceCompile>
  </ItemGroup>
</Project>