<?xml version="1.0" encoding="utf-8"?>
<Project ToolsVersion="4.0" xmlns="http://schemas.microsoft.com/developer/msbuild/2003">
  <ItemGroup>
    <Filter Include="Source Files">
      <UniqueIdentifier>{4FC737F1-C7A5-4376-A066-2A32D752A2FF}</UniqueIdentifier>
      <Extensions>cpp;c;cc;cxx;def;odl;idl;hpj;bat;asm;asmx</Extensions>
    </Filter>
    <Filter Include="Header Files">
      <UniqueIdentifier>{93995380-89BD-4b04-88EB-625FBE52EBFB}</UniqueIdentifier>
      <Extensions>h;hpp;hxx;hm;inl;inc;xsd</Extensions>
    </Filter>
    <Filter Include="Resource Files">
      <UniqueIdentifier>{67DA6AB6-F800-4c08-8B7A-83BB121AAD01}</UniqueIdentifier>
      <Extensions>rc;ico;cur;bmp;dlg;rc2;rct;bin;rgs;gif;jpg;jpeg;jpe;resx;tiff;tif;png;wav;mfcribbon-ms</Extensions>
    </Filter>
    <Filter Include="Header Files\Common">
      <UniqueIdentifier>{f25d27e9-afee-41ec-893c-e4567a9be6e0}</UniqueIdentifier>
    </Filter>
    <Filter Include="Header Files\GameComponents">
      <UniqueIdentifier>{0890caa1-69fb-45f8-9e83-85c03e0cfed4}</UniqueIdentifier>
    </Filter>
    <Filter Include="Source Files\Common">
      <UniqueIdentifier>{ef3da73a-1972-4b99-a7c8-012bd39f7b07}</UniqueIdentifier>
    </Filter>
    <Filter Include="Source Files\GameComponents">
      <UniqueIdentifier>{a58c2c16-ee33-4539-ac0b-4243bb78bf80}</UniqueIdentifier>
    </Filter>
    <Filter Include="Header Files\Testes">
      <UniqueIdentifier>{c9ae126b-38bf-453e-b067-3c769b18eccc}</UniqueIdentifier>
    </Filter>
    <Filter Include="Source Files\Testes">
      <UniqueIdentifier>{e167700f-12f5-483b-b09b-8ea76c4211f8}</UniqueIdentifier>
    </Filter>
    <Filter Include="Header Files\Scripts">
      <UniqueIdentifier>{fcd4cdc8-ef33-40e5-9c4c-8b344ee8a8b6}</UniqueIdentifier>
    </Filter>
    <Filter Include="Source Files\Scripts">
      <UniqueIdentifier>{de6877c2-4122-49e2-8668-316b6054cd06}</UniqueIdentifier>
    </Filter>
    <Filter Include="Header Files\GameTest">
      <UniqueIdentifier>{440777d4-7481-429b-b9ea-27886b00f7e1}</UniqueIdentifier>
    </Filter>
    <Filter Include="Source Files\GameTest">
      <UniqueIdentifier>{63dbfdca-3ed8-45e9-8807-b6ba956cfc34}</UniqueIdentifier>
    </Filter>
  </ItemGroup>
  <ItemGroup>
    <None Include="ReadMe.txt" />
    <None Include="small.ico">
      <Filter>Resource Files</Filter>
    </None>
    <None Include="Demo.ico">
      <Filter>Resource Files</Filter>
    </None>
  </ItemGroup>
  <ItemGroup>
    <ResourceCompile Include="Demo.rc">
      <Filter>Resource Files</Filter>
    </ResourceCompile>
  </ItemGroup>
  <ItemGroup>
    <ClCompile Include="Main.cpp" />
    <ClCompile Include="Globals.cpp">
      <Filter>Source Files\Common</Filter>
    </ClCompile>
    <ClCompile Include="VerifySelection.cpp">
      <Filter>Source Files\Common</Filter>
    </ClCompile>
    <ClCompile Include="Background.cpp">
      <Filter>Source Files\GameComponents</Filter>
    </ClCompile>
    <ClCompile Include="BasicTest.cpp">
      <Filter>Source Files\Testes</Filter>
    </ClCompile>
    <ClCompile Include="DynamicTest.cpp">
      <Filter>Source Files\Testes</Filter>
    </ClCompile>
    <ClCompile Include="LinePointTest.cpp">
      <Filter>Source Files\Testes</Filter>
    </ClCompile>
    <ClCompile Include="Game.cpp">
      <Filter>Source Files</Filter>
    </ClCompile>
    <ClCompile Include="GPowerCube.cpp">
      <Filter>Source Files\Testes</Filter>
    </ClCompile>
    <ClCompile Include="SpriteTest.cpp">
      <Filter>Source Files\Testes</Filter>
    </ClCompile>
    <ClCompile Include="ScriptMachine.cpp">
      <Filter>Source Files\Scripts</Filter>
    </ClCompile>
    <ClCompile Include="Floor.cpp">
      <Filter>Source Files\GameTest</Filter>
    </ClCompile>
    <ClCompile Include="GCamera.cpp">
      <Filter>Source Files\Common</Filter>
    </ClCompile>
    <ClCompile Include="GGameInput.cpp">
      <Filter>Source Files\Common</Filter>
    </ClCompile>
  </ItemGroup>
  <ItemGroup>
    <ClInclude Include="Globals.h">
      <Filter>Header Files\Common</Filter>
    </ClInclude>
    <ClInclude Include="VerifySelection.h">
      <Filter>Header Files\Common</Filter>
    </ClInclude>
    <ClInclude Include="Background.h">
      <Filter>Header Files\GameComponents</Filter>
    </ClInclude>
    <ClInclude Include="Resource.h">
      <Filter>Resource Files</Filter>
    </ClInclude>
    <ClInclude Include="BasicTest.h">
      <Filter>Header Files\Testes</Filter>
    </ClInclude>
    <ClInclude Include="DynamicTest.h">
      <Filter>Header Files\Testes</Filter>
    </ClInclude>
    <ClInclude Include="LinePointTest.h">
      <Filter>Header Files\Testes</Filter>
    </ClInclude>
    <ClInclude Include="Game.h">
      <Filter>Header Files</Filter>
    </ClInclude>
    <ClInclude Include="GEnums.h">
      <Filter>Header Files\Common</Filter>
    </ClInclude>
    <ClInclude Include="GPowerCube.h">
      <Filter>Header Files\Testes</Filter>
    </ClInclude>
    <ClInclude Include="SpriteTest.h">
      <Filter>Header Files\Testes</Filter>
    </ClInclude>
    <ClInclude Include="ScriptMachine.h">
      <Filter>Header Files\Scripts</Filter>
    </ClInclude>
    <ClInclude Include="GUtils.h">
      <Filter>Header Files\Common</Filter>
    </ClInclude>
    <ClInclude Include="Floor.h">
      <Filter>Header Files\GameTest</Filter>
    </ClInclude>
    <ClInclude Include="GCamera.h">
      <Filter>Header Files\Common</Filter>
    </ClInclude>
    <ClInclude Include="GGameInput.h">
      <Filter>Header Files\Common</Filter>
    </ClInclude>
  </ItemGroup>
</Project>